
Microsoft Visual Studio Solution File, Format Version 12.00
# Visual Studio Version 16
VisualStudioVersion = 16.0.30717.126
MinimumVisualStudioVersion = 10.0.40219.1
Project("{FAE04EC0-301F-11D3-BF4B-00C04F79EFBC}") = "Lesson6Point1", "Lesson6Point1\Lesson6Point1.csproj", "{29B2EB04-DBC0-4E55-BCE9-2A04BB02127F}"
EndProject
Project("{FAE04EC0-301F-11D3-BF4B-00C04F79EFBC}") = "Lesson6Point2", "Lesson6Point2\Lesson6Point2.csproj", "{05DA2E45-4FA5-43D5-8880-FA35E4B4BCA2}"
EndProject
Project("{FAE04EC0-301F-11D3-BF4B-00C04F79EFBC}") = "Lesson6Point3", "Lesson6Point3\Lesson6Point3.csproj", "{7A59789A-1C62-4E5A-A849-2F02815D7948}"
EndProject
Global
	GlobalSection(SolutionConfigurationPlatforms) = preSolution
		Debug|Any CPU = Debug|Any CPU
		Release|Any CPU = Release|Any CPU
	EndGlobalSection
	GlobalSection(ProjectConfigurationPlatforms) = postSolution
		{29B2EB04-DBC0-4E55-BCE9-2A04BB02127F}.Debug|Any CPU.ActiveCfg = Debug|Any CPU
		{29B2EB04-DBC0-4E55-BCE9-2A04BB02127F}.Debug|Any CPU.Build.0 = Debug|Any CPU
		{29B2EB04-DBC0-4E55-BCE9-2A04BB02127F}.Release|Any CPU.ActiveCfg = Release|Any CPU
		{29B2EB04-DBC0-4E55-BCE9-2A04BB02127F}.Release|Any CPU.Build.0 = Release|Any CPU
		{05DA2E45-4FA5-43D5-8880-FA35E4B4BCA2}.Debug|Any CPU.ActiveCfg = Debug|Any CPU
		{05DA2E45-4FA5-43D5-8880-FA35E4B4BCA2}.Debug|Any CPU.Build.0 = Debug|Any CPU
		{05DA2E45-4FA5-43D5-8880-FA35E4B4BCA2}.Release|Any CPU.ActiveCfg = Release|Any CPU
		{05DA2E45-4FA5-43D5-8880-FA35E4B4BCA2}.Release|Any CPU.Build.0 = Release|Any CPU
		{7A59789A-1C62-4E5A-A849-2F02815D7948}.Debug|Any CPU.ActiveCfg = Debug|Any CPU
		{7A59789A-1C62-4E5A-A849-2F02815D7948}.Debug|Any CPU.Build.0 = Debug|Any CPU
		{7A59789A-1C62-4E5A-A849-2F02815D7948}.Release|Any CPU.ActiveCfg = Release|Any CPU
		{7A59789A-1C62-4E5A-A849-2F02815D7948}.Release|Any CPU.Build.0 = Release|Any CPU
	EndGlobalSection
	GlobalSection(SolutionProperties) = preSolution
		HideSolutionNode = FALSE
	EndGlobalSection
	GlobalSection(ExtensibilityGlobals) = postSolution
		SolutionGuid = {578FD0E2-13C5-49C6-9A23-5EC65065201C}
	EndGlobalSection
EndGlobal
